
Microsoft Visual Studio Solution File, Format Version 12.00
# Visual Studio 15
VisualStudioVersion = 15.0.28307.271
MinimumVisualStudioVersion = 10.0.40219.1
Project("{FAE04EC0-301F-11D3-BF4B-00C04F79EFBC}") = "Remote_Host_Port_Scanner", "Remote_Host_Port_Scanner\Remote_Host_Port_Scanner.csproj", "{E11D9100-E057-4FC9-950A-CFA4E766E005}"
EndProject
Global
	GlobalSection(SolutionConfigurationPlatforms) = preSolution
		Debug|Any CPU = Debug|Any CPU
		Release|Any CPU = Release|Any CPU
	EndGlobalSection
	GlobalSection(ProjectConfigurationPlatforms) = postSolution
		{E11D9100-E057-4FC9-950A-CFA4E766E005}.Debug|Any CPU.ActiveCfg = Debug|Any CPU
		{E11D9100-E057-4FC9-950A-CFA4E766E005}.Debug|Any CPU.Build.0 = Debug|Any CPU
		{E11D9100-E057-4FC9-950A-CFA4E766E005}.Release|Any CPU.ActiveCfg = Release|Any CPU
		{E11D9100-E057-4FC9-950A-CFA4E766E005}.Release|Any CPU.Build.0 = Release|Any CPU
	EndGlobalSection
	GlobalSection(SolutionProperties) = preSolution
		HideSolutionNode = FALSE
	EndGlobalSection
	GlobalSection(ExtensibilityGlobals) = postSolution
		SolutionGuid = {27129EB2-194C-4DFF-99B6-D23E6E216240}
	EndGlobalSection
EndGlobal
