
Microsoft Visual Studio Solution File, Format Version 12.00
# Visual Studio 15
VisualStudioVersion = 15.0.28307.271
MinimumVisualStudioVersion = 10.0.40219.1
Project("{FAE04EC0-301F-11D3-BF4B-00C04F79EFBC}") = "PortScannerConsole", "PortScannerConsole\PortScannerConsole.csproj", "{88481AAC-1C73-4A7D-8A20-BE41B9210197}"
EndProject
Global
	GlobalSection(SolutionConfigurationPlatforms) = preSolution
		Debug|Any CPU = Debug|Any CPU
		Release|Any CPU = Release|Any CPU
	EndGlobalSection
	GlobalSection(ProjectConfigurationPlatforms) = postSolution
		{88481AAC-1C73-4A7D-8A20-BE41B9210197}.Debug|Any CPU.ActiveCfg = Debug|Any CPU
		{88481AAC-1C73-4A7D-8A20-BE41B9210197}.Debug|Any CPU.Build.0 = Debug|Any CPU
		{88481AAC-1C73-4A7D-8A20-BE41B9210197}.Release|Any CPU.ActiveCfg = Release|Any CPU
		{88481AAC-1C73-4A7D-8A20-BE41B9210197}.Release|Any CPU.Build.0 = Release|Any CPU
	EndGlobalSection
	GlobalSection(SolutionProperties) = preSolution
		HideSolutionNode = FALSE
	EndGlobalSection
	GlobalSection(ExtensibilityGlobals) = postSolution
		SolutionGuid = {4C9A28B2-36CC-43B4-9880-1D7809BF4B9F}
	EndGlobalSection
EndGlobal
