// !$*UTF8*$!
{
	archiveVersion = 1;
	classes = {
	};
	objectVersion = 50;
	objects = {

/* Begin PBXBuildFile section */
		D6117B172331137B0032B940 /* AppDelegate.swift in Sources */ = {isa = PBXBuildFile; fileRef = D6117B162331137B0032B940 /* AppDelegate.swift */; };
		D6117B192331137B0032B940 /* ViewController.swift in Sources */ = {isa = PBXBuildFile; fileRef = D6117B182331137B0032B940 /* ViewController.swift */; };
		D6117B1C2331137B0032B940 /* Main.storyboard in Resources */ = {isa = PBXBuildFile; fileRef = D6117B1A2331137B0032B940 /* Main.storyboard */; };
		D6117B1E2331137C0032B940 /* Assets.xcassets in Resources */ = {isa = PBXBuildFile; fileRef = D6117B1D2331137C0032B940 /* Assets.xcassets */; };
		D6117B212331137C0032B940 /* LaunchScreen.storyboard in Resources */ = {isa = PBXBuildFile; fileRef = D6117B1F2331137C0032B940 /* LaunchScreen.storyboard */; };
		D6117B2C2331137C0032B940 /* aaaaaaaaTests.swift in Sources */ = {isa = PBXBuildFile; fileRef = D6117B2B2331137C0032B940 /* aaaaaaaaTests.swift */; };
		D6117B372331137C0032B940 /* aaaaaaaaUITests.swift in Sources */ = {isa = PBXBuildFile; fileRef = D6117B362331137C0032B940 /* aaaaaaaaUITests.swift */; };
/* End PBXBuildFile section */

/* Begin PBXContainerItemProxy section */
		D6117B282331137C0032B940 /* PBXContainerItemProxy */ = {
			isa = PBXContainerItemProxy;
			containerPortal = D6117B0B2331137B0032B940 /* Project object */;
			proxyType = 1;
			remoteGlobalIDString = D6117B122331137B0032B940;
			remoteInfo = aaaaaaaa;
		};
		D6117B332331137C0032B940 /* PBXContainerItemProxy */ = {
			isa = PBXContainerItemProxy;
			containerPortal = D6117B0B2331137B0032B940 /* Project object */;
			proxyType = 1;
			remoteGlobalIDString = D6117B122331137B0032B940;
			remoteInfo = aaaaaaaa;
		};
/* End PBXContainerItemProxy section */

/* Begin PBXFileReference section */
		D6117B132331137B0032B940 /* aaaaaaaa.app */ = {isa = PBXFileReference; explicitFileType = wrapper.application; includeInIndex = 0; path = aaaaaaaa.app; sourceTree = BUILT_PRODUCTS_DIR; };
		D6117B162331137B0032B940 /* AppDelegate.swift */ = {isa = PBXFileReference; lastKnownFileType = sourcecode.swift; path = AppDelegate.swift; sourceTree = "<group>"; };
		D6117B182331137B0032B940 /* ViewController.swift */ = {isa = PBXFileReference; lastKnownFileType = sourcecode.swift; path = ViewController.swift; sourceTree = "<group>"; };
		D6117B1B2331137B0032B940 /* Base */ = {isa = PBXFileReference; lastKnownFileType = file.storyboard; name = Base; path = Base.lproj/Main.storyboard; sourceTree = "<group>"; };
		D6117B1D2331137C0032B940 /* Assets.xcassets */ = {isa = PBXFileReference; lastKnownFileType = folder.assetcatalog; path = Assets.xcassets; sourceTree = "<group>"; };
		D6117B202331137C0032B940 /* Base */ = {isa = PBXFileReference; lastKnownFileType = file.storyboard; name = Base; path = Base.lproj/LaunchScreen.storyboard; sourceTree = "<group>"; };
		D6117B222331137C0032B940 /* Info.plist */ = {isa = PBXFileReference; lastKnownFileType = text.plist.xml; path = Info.plist; sourceTree = "<group>"; };
		D6117B272331137C0032B940 /* aaaaaaaaTests.xctest */ = {isa = PBXFileReference; explicitFileType = wrapper.cfbundle; includeInIndex = 0; path = aaaaaaaaTests.xctest; sourceTree = BUILT_PRODUCTS_DIR; };
		D6117B2B2331137C0032B940 /* aaaaaaaaTests.swift */ = {isa = PBXFileReference; lastKnownFileType = sourcecode.swift; path = aaaaaaaaTests.swift; sourceTree = "<group>"; };
		D6117B2D2331137C0032B940 /* Info.plist */ = {isa = PBXFileReference; lastKnownFileType = text.plist.xml; path = Info.plist; sourceTree = "<group>"; };
		D6117B322331137C0032B940 /* aaaaaaaaUITests.xctest */ = {isa = PBXFileReference; explicitFileType = wrapper.cfbundle; includeInIndex = 0; path = aaaaaaaaUITests.xctest; sourceTree = BUILT_PRODUCTS_DIR; };
		D6117B362331137C0032B940 /* aaaaaaaaUITests.swift */ = {isa = PBXFileReference; lastKnownFileType = sourcecode.swift; path = aaaaaaaaUITests.swift; sourceTree = "<group>"; };
		D6117B382331137C0032B940 /* Info.plist */ = {isa = PBXFileReference; lastKnownFileType = text.plist.xml; path = Info.plist; sourceTree = "<group>"; };
/* End PBXFileReference section */

/* Begin PBXFrameworksBuildPhase section */
		D6117B102331137B0032B940 /* Frameworks */ = {
			isa = PBXFrameworksBuildPhase;
			buildActionMask = 2147483647;
			files = (
			);
			runOnlyForDeploymentPostprocessing = 0;
		};
		D6117B242331137C0032B940 /* Frameworks */ = {
			isa = PBXFrameworksBuildPhase;
			buildActionMask = 2147483647;
			files = (
			);
			runOnlyForDeploymentPostprocessing = 0;
		};
		D6117B2F2331137C0032B940 /* Frameworks */ = {
			isa = PBXFrameworksBuildPhase;
			buildActionMask = 2147483647;
			files = (
			);
			runOnlyForDeploymentPostprocessing = 0;
		};
/* End PBXFrameworksBuildPhase section */

/* Begin PBXGroup section */
		D6117B0A2331137B0032B940 = {
			isa = PBXGroup;
			children = (
				D6117B152331137B0032B940 /* aaaaaaaa */,
				D6117B2A2331137C0032B940 /* aaaaaaaaTests */,
				D6117B352331137C0032B940 /* aaaaaaaaUITests */,
				D6117B142331137B0032B940 /* Products */,
			);
			sourceTree = "<group>";
		};
		D6117B142331137B0032B940 /* Products */ = {
			isa = PBXGroup;
			children = (
				D6117B132331137B0032B940 /* aaaaaaaa.app */,
				D6117B272331137C0032B940 /* aaaaaaaaTests.xctest */,
				D6117B322331137C0032B940 /* aaaaaaaaUITests.xctest */,
			);
			name = Products;
			sourceTree = "<group>";
		};
		D6117B152331137B0032B940 /* aaaaaaaa */ = {
			isa = PBXGroup;
			children = (
				D6117B162331137B0032B940 /* AppDelegate.swift */,
				D6117B182331137B0032B940 /* ViewController.swift */,
				D6117B1A2331137B0032B940 /* Main.storyboard */,
				D6117B1D2331137C0032B940 /* Assets.xcassets */,
				D6117B1F2331137C0032B940 /* LaunchScreen.storyboard */,
				D6117B222331137C0032B940 /* Info.plist */,
			);
			path = aaaaaaaa;
			sourceTree = "<group>";
		};
		D6117B2A2331137C0032B940 /* aaaaaaaaTests */ = {
			isa = PBXGroup;
			children = (
				D6117B2B2331137C0032B940 /* aaaaaaaaTests.swift */,
				D6117B2D2331137C0032B940 /* Info.plist */,
			);
			path = aaaaaaaaTests;
			sourceTree = "<group>";
		};
		D6117B352331137C0032B940 /* aaaaaaaaUITests */ = {
			isa = PBXGroup;
			children = (
				D6117B362331137C0032B940 /* aaaaaaaaUITests.swift */,
				D6117B382331137C0032B940 /* Info.plist */,
			);
			path = aaaaaaaaUITests;
			sourceTree = "<group>";
		};
/* End PBXGroup section */

/* Begin PBXNativeTarget section */
		D6117B122331137B0032B940 /* aaaaaaaa */ = {
			isa = PBXNativeTarget;
			buildConfigurationList = D6117B3B2331137C0032B940 /* Build configuration list for PBXNativeTarget "aaaaaaaa" */;
			buildPhases = (
				D6117B0F2331137B0032B940 /* Sources */,
				D6117B102331137B0032B940 /* Frameworks */,
				D6117B112331137B0032B940 /* Resources */,
			);
			buildRules = (
			);
			dependencies = (
			);
			name = aaaaaaaa;
			productName = aaaaaaaa;
			productReference = D6117B132331137B0032B940 /* aaaaaaaa.app */;
			productType = "com.apple.product-type.application";
		};
		D6117B262331137C0032B940 /* aaaaaaaaTests */ = {
			isa = PBXNativeTarget;
			buildConfigurationList = D6117B3E2331137C0032B940 /* Build configuration list for PBXNativeTarget "aaaaaaaaTests" */;
			buildPhases = (
				D6117B232331137C0032B940 /* Sources */,
				D6117B242331137C0032B940 /* Frameworks */,
				D6117B252331137C0032B940 /* Resources */,
			);
			buildRules = (
			);
			dependencies = (
				D6117B292331137C0032B940 /* PBXTargetDependency */,
			);
			name = aaaaaaaaTests;
			productName = aaaaaaaaTests;
			productReference = D6117B272331137C0032B940 /* aaaaaaaaTests.xctest */;
			productType = "com.apple.product-type.bundle.unit-test";
		};
		D6117B312331137C0032B940 /* aaaaaaaaUITests */ = {
			isa = PBXNativeTarget;
			buildConfigurationList = D6117B412331137C0032B940 /* Build configuration list for PBXNativeTarget "aaaaaaaaUITests" */;
			buildPhases = (
				D6117B2E2331137C0032B940 /* Sources */,
				D6117B2F2331137C0032B940 /* Frameworks */,
				D6117B302331137C0032B940 /* Resources */,
			);
			buildRules = (
			);
			dependencies = (
				D6117B342331137C0032B940 /* PBXTargetDependency */,
			);
			name = aaaaaaaaUITests;
			productName = aaaaaaaaUITests;
			productReference = D6117B322331137C0032B940 /* aaaaaaaaUITests.xctest */;
			productType = "com.apple.product-type.bundle.ui-testing";
		};
/* End PBXNativeTarget section */

/* Begin PBXProject section */
		D6117B0B2331137B0032B940 /* Project object */ = {
			isa = PBXProject;
			attributes = {
				LastSwiftUpdateCheck = 1030;
				LastUpgradeCheck = 1030;
				ORGANIZATIONNAME = "Tomczyk Wojciech";
				TargetAttributes = {
					D6117B122331137B0032B940 = {
						CreatedOnToolsVersion = 10.3;
					};
					D6117B262331137C0032B940 = {
						CreatedOnToolsVersion = 10.3;
						TestTargetID = D6117B122331137B0032B940;
					};
					D6117B312331137C0032B940 = {
						CreatedOnToolsVersion = 10.3;
						TestTargetID = D6117B122331137B0032B940;
					};
				};
			};
			buildConfigurationList = D6117B0E2331137B0032B940 /* Build configuration list for PBXProject "aaaaaaaa" */;
			compatibilityVersion = "Xcode 9.3";
			developmentRegion = en;
			hasScannedForEncodings = 0;
			knownRegions = (
				en,
				Base,
			);
			mainGroup = D6117B0A2331137B0032B940;
			productRefGroup = D6117B142331137B0032B940 /* Products */;
			projectDirPath = "";
			projectRoot = "";
			targets = (
				D6117B122331137B0032B940 /* aaaaaaaa */,
				D6117B262331137C0032B940 /* aaaaaaaaTests */,
				D6117B312331137C0032B940 /* aaaaaaaaUITests */,
			);
		};
/* End PBXProject section */

/* Begin PBXResourcesBuildPhase section */
		D6117B112331137B0032B940 /* Resources */ = {
			isa = PBXResourcesBuildPhase;
			buildActionMask = 2147483647;
			files = (
				D6117B212331137C0032B940 /* LaunchScreen.storyboard in Resources */,
				D6117B1E2331137C0032B940 /* Assets.xcassets in Resources */,
				D6117B1C2331137B0032B940 /* Main.storyboard in Resources */,
			);
			runOnlyForDeploymentPostprocessing = 0;
		};
		D6117B252331137C0032B940 /* Resources */ = {
			isa = PBXResourcesBuildPhase;
			buildActionMask = 2147483647;
			files = (
			);
			runOnlyForDeploymentPostprocessing = 0;
		};
		D6117B302331137C0032B940 /* Resources */ = {
			isa = PBXResourcesBuildPhase;
			buildActionMask = 2147483647;
			files = (
			);
			runOnlyForDeploymentPostprocessing = 0;
		};
/* End PBXResourcesBuildPhase section */

/* Begin PBXSourcesBuildPhase section */
		D6117B0F2331137B0032B940 /* Sources */ = {
			isa = PBXSourcesBuildPhase;
			buildActionMask = 2147483647;
			files = (
				D6117B192331137B0032B940 /* ViewController.swift in Sources */,
				D6117B172331137B0032B940 /* AppDelegate.swift in Sources */,
			);
			runOnlyForDeploymentPostprocessing = 0;
		};
		D6117B232331137C0032B940 /* Sources */ = {
			isa = PBXSourcesBuildPhase;
			buildActionMask = 2147483647;
			files = (
				D6117B2C2331137C0032B940 /* aaaaaaaaTests.swift in Sources */,
			);
			runOnlyForDeploymentPostprocessing = 0;
		};
		D6117B2E2331137C0032B940 /* Sources */ = {
			isa = PBXSourcesBuildPhase;
			buildActionMask = 2147483647;
			files = (
				D6117B372331137C0032B940 /* aaaaaaaaUITests.swift in Sources */,
			);
			runOnlyForDeploymentPostprocessing = 0;
		};
/* End PBXSourcesBuildPhase section */

/* Begin PBXTargetDependency section */
		D6117B292331137C0032B940 /* PBXTargetDependency */ = {
			isa = PBXTargetDependency;
			target = D6117B122331137B0032B940 /* aaaaaaaa */;
			targetProxy = D6117B282331137C0032B940 /* PBXContainerItemProxy */;
		};
		D6117B342331137C0032B940 /* PBXTargetDependency */ = {
			isa = PBXTargetDependency;
			target = D6117B122331137B0032B940 /* aaaaaaaa */;
			targetProxy = D6117B332331137C0032B940 /* PBXContainerItemProxy */;
		};
/* End PBXTargetDependency section */

/* Begin PBXVariantGroup section */
		D6117B1A2331137B0032B940 /* Main.storyboard */ = {
			isa = PBXVariantGroup;
			children = (
				D6117B1B2331137B0032B940 /* Base */,
			);
			name = Main.storyboard;
			sourceTree = "<group>";
		};
		D6117B1F2331137C0032B940 /* LaunchScreen.storyboard */ = {
			isa = PBXVariantGroup;
			children = (
				D6117B202331137C0032B940 /* Base */,
			);
			name = LaunchScreen.storyboard;
			sourceTree = "<group>";
		};
/* End PBXVariantGroup section */

/* Begin XCBuildConfiguration section */
		D6117B392331137C0032B940 /* Debug */ = {
			isa = XCBuildConfiguration;
			buildSettings = {
				ALWAYS_SEARCH_USER_PATHS = NO;
				CLANG_ANALYZER_NONNULL = YES;
				CLANG_ANALYZER_NUMBER_OBJECT_CONVERSION = YES_AGGRESSIVE;
				CLANG_CXX_LANGUAGE_STANDARD = "gnu++14";
				CLANG_CXX_LIBRARY = "libc++";
				CLANG_ENABLE_MODULES = YES;
				CLANG_ENABLE_OBJC_ARC = YES;
				CLANG_ENABLE_OBJC_WEAK = YES;
				CLANG_WARN_BLOCK_CAPTURE_AUTORELEASING = YES;
				CLANG_WARN_BOOL_CONVERSION = YES;
				CLANG_WARN_COMMA = YES;
				CLANG_WARN_CONSTANT_CONVERSION = YES;
				CLANG_WARN_DEPRECATED_OBJC_IMPLEMENTATIONS = YES;
				CLANG_WARN_DIRECT_OBJC_ISA_USAGE = YES_ERROR;
				CLANG_WARN_DOCUMENTATION_COMMENTS = YES;
				CLANG_WARN_EMPTY_BODY = YES;
				CLANG_WARN_ENUM_CONVERSION = YES;
				CLANG_WARN_INFINITE_RECURSION = YES;
				CLANG_WARN_INT_CONVERSION = YES;
				CLANG_WARN_NON_LITERAL_NULL_CONVERSION = YES;
				CLANG_WARN_OBJC_IMPLICIT_RETAIN_SELF = YES;
				CLANG_WARN_OBJC_LITERAL_CONVERSION = YES;
				CLANG_WARN_OBJC_ROOT_CLASS = YES_ERROR;
				CLANG_WARN_RANGE_LOOP_ANALYSIS = YES;
				CLANG_WARN_STRICT_PROTOTYPES = YES;
				CLANG_WARN_SUSPICIOUS_MOVE = YES;
				CLANG_WARN_UNGUARDED_AVAILABILITY = YES_AGGRESSIVE;
				CLANG_WARN_UNREACHABLE_CODE = YES;
				CLANG_WARN__DUPLICATE_METHOD_MATCH = YES;
				CODE_SIGN_IDENTITY = "iPhone Developer";
				COPY_PHASE_STRIP = NO;
				DEBUG_INFORMATION_FORMAT = dwarf;
				ENABLE_STRICT_OBJC_MSGSEND = YES;
				ENABLE_TESTABILITY = YES;
				GCC_C_LANGUAGE_STANDARD = gnu11;
				GCC_DYNAMIC_NO_PIC = NO;
				GCC_NO_COMMON_BLOCKS = YES;
				GCC_OPTIMIZATION_LEVEL = 0;
				GCC_PREPROCESSOR_DEFINITIONS = (
					"DEBUG=1",
					"$(inherited)",
				);
				GCC_WARN_64_TO_32_BIT_CONVERSION = YES;
				GCC_WARN_ABOUT_RETURN_TYPE = YES_ERROR;
				GCC_WARN_UNDECLARED_SELECTOR = YES;
				GCC_WARN_UNINITIALIZED_AUTOS = YES_AGGRESSIVE;
				GCC_WARN_UNUSED_FUNCTION = YES;
				GCC_WARN_UNUSED_VARIABLE = YES;
				IPHONEOS_DEPLOYMENT_TARGET = 12.4;
				MTL_ENABLE_DEBUG_INFO = INCLUDE_SOURCE;
				MTL_FAST_MATH = YES;
				ONLY_ACTIVE_ARCH = YES;
				SDKROOT = iphoneos;
				SWIFT_ACTIVE_COMPILATION_CONDITIONS = DEBUG;
				SWIFT_OPTIMIZATION_LEVEL = "-Onone";
			};
			name = Debug;
		};
		D6117B3A2331137C0032B940 /* Release */ = {
			isa = XCBuildConfiguration;
			buildSettings = {
				ALWAYS_SEARCH_USER_PATHS = NO;
				CLANG_ANALYZER_NONNULL = YES;
				CLANG_ANALYZER_NUMBER_OBJECT_CONVERSION = YES_AGGRESSIVE;
				CLANG_CXX_LANGUAGE_STANDARD = "gnu++14";
				CLANG_CXX_LIBRARY = "libc++";
				CLANG_ENABLE_MODULES = YES;
				CLANG_ENABLE_OBJC_ARC = YES;
				CLANG_ENABLE_OBJC_WEAK = YES;
				CLANG_WARN_BLOCK_CAPTURE_AUTORELEASING = YES;
				CLANG_WARN_BOOL_CONVERSION = YES;
				CLANG_WARN_COMMA = YES;
				CLANG_WARN_CONSTANT_CONVERSION = YES;
				CLANG_WARN_DEPRECATED_OBJC_IMPLEMENTATIONS = YES;
				CLANG_WARN_DIRECT_OBJC_ISA_USAGE = YES_ERROR;
				CLANG_WARN_DOCUMENTATION_COMMENTS = YES;
				CLANG_WARN_EMPTY_BODY = YES;
				CLANG_WARN_ENUM_CONVERSION = YES;
				CLANG_WARN_INFINITE_RECURSION = YES;
				CLANG_WARN_INT_CONVERSION = YES;
				CLANG_WARN_NON_LITERAL_NULL_CONVERSION = YES;
				CLANG_WARN_OBJC_IMPLICIT_RETAIN_SELF = YES;
				CLANG_WARN_OBJC_LITERAL_CONVERSION = YES;
				CLANG_WARN_OBJC_ROOT_CLASS = YES_ERROR;
				CLANG_WARN_RANGE_LOOP_ANALYSIS = YES;
				CLANG_WARN_STRICT_PROTOTYPES = YES;
				CLANG_WARN_SUSPICIOUS_MOVE = YES;
				CLANG_WARN_UNGUARDED_AVAILABILITY = YES_AGGRESSIVE;
				CLANG_WARN_UNREACHABLE_CODE = YES;
				CLANG_WARN__DUPLICATE_METHOD_MATCH = YES;
				CODE_SIGN_IDENTITY = "iPhone Developer";
				COPY_PHASE_STRIP = NO;
				DEBUG_INFORMATION_FORMAT = "dwarf-with-dsym";
				ENABLE_NS_ASSERTIONS = NO;
				ENABLE_STRICT_OBJC_MSGSEND = YES;
				GCC_C_LANGUAGE_STANDARD = gnu11;
				GCC_NO_COMMON_BLOCKS = YES;
				GCC_WARN_64_TO_32_BIT_CONVERSION = YES;
				GCC_WARN_ABOUT_RETURN_TYPE = YES_ERROR;
				GCC_WARN_UNDECLARED_SELECTOR = YES;
				GCC_WARN_UNINITIALIZED_AUTOS = YES_AGGRESSIVE;
				GCC_WARN_UNUSED_FUNCTION = YES;
				GCC_WARN_UNUSED_VARIABLE = YES;
				IPHONEOS_DEPLOYMENT_TARGET = 12.4;
				MTL_ENABLE_DEBUG_INFO = NO;
				MTL_FAST_MATH = YES;
				SDKROOT = iphoneos;
				SWIFT_COMPILATION_MODE = wholemodule;
				SWIFT_OPTIMIZATION_LEVEL = "-O";
				VALIDATE_PRODUCT = YES;
			};
			name = Release;
		};
		D6117B3C2331137C0032B940 /* Debug */ = {
			isa = XCBuildConfiguration;
			buildSettings = {
				ASSETCATALOG_COMPILER_APPICON_NAME = AppIcon;
				CODE_SIGN_STYLE = Automatic;
				DEVELOPMENT_TEAM = 74SLB56D55;
				INFOPLIST_FILE = aaaaaaaa/Info.plist;
				LD_RUNPATH_SEARCH_PATHS = (
					"$(inherited)",
					"@executable_path/Frameworks",
				);
				PRODUCT_BUNDLE_IDENTIFIER = aaaaa.aaaaaaaa;
				PRODUCT_NAME = "$(TARGET_NAME)";
				SWIFT_VERSION = 5.0;
				TARGETED_DEVICE_FAMILY = "1,2";
			};
			name = Debug;
		};
		D6117B3D2331137C0032B940 /* Release */ = {
			isa = XCBuildConfiguration;
			buildSettings = {
				ASSETCATALOG_COMPILER_APPICON_NAME = AppIcon;
				CODE_SIGN_STYLE = Automatic;
				DEVELOPMENT_TEAM = 74SLB56D55;
				INFOPLIST_FILE = aaaaaaaa/Info.plist;
				LD_RUNPATH_SEARCH_PATHS = (
					"$(inherited)",
					"@executable_path/Frameworks",
				);
				PRODUCT_BUNDLE_IDENTIFIER = aaaaa.aaaaaaaa;
				PRODUCT_NAME = "$(TARGET_NAME)";
				SWIFT_VERSION = 5.0;
				TARGETED_DEVICE_FAMILY = "1,2";
			};
			name = Release;
		};
		D6117B3F2331137C0032B940 /* Debug */ = {
			isa = XCBuildConfiguration;
			buildSettings = {
				ALWAYS_EMBED_SWIFT_STANDARD_LIBRARIES = YES;
				BUNDLE_LOADER = "$(TEST_HOST)";
				CODE_SIGN_STYLE = Automatic;
				DEVELOPMENT_TEAM = 74SLB56D55;
				INFOPLIST_FILE = aaaaaaaaTests/Info.plist;
				LD_RUNPATH_SEARCH_PATHS = (
					"$(inherited)",
					"@executable_path/Frameworks",
					"@loader_path/Frameworks",
				);
				PRODUCT_BUNDLE_IDENTIFIER = aaaaa.aaaaaaaaTests;
				PRODUCT_NAME = "$(TARGET_NAME)";
				SWIFT_VERSION = 5.0;
				TARGETED_DEVICE_FAMILY = "1,2";
				TEST_HOST = "$(BUILT_PRODUCTS_DIR)/aaaaaaaa.app/aaaaaaaa";
			};
			name = Debug;
		};
		D6117B402331137C0032B940 /* Release */ = {
			isa = XCBuildConfiguration;
			buildSettings = {
				ALWAYS_EMBED_SWIFT_STANDARD_LIBRARIES = YES;
				BUNDLE_LOADER = "$(TEST_HOST)";
				CODE_SIGN_STYLE = Automatic;
				DEVELOPMENT_TEAM = 74SLB56D55;
				INFOPLIST_FILE = aaaaaaaaTests/Info.plist;
				LD_RUNPATH_SEARCH_PATHS = (
					"$(inherited)",
					"@executable_path/Frameworks",
					"@loader_path/Frameworks",
				);
				PRODUCT_BUNDLE_IDENTIFIER = aaaaa.aaaaaaaaTests;
				PRODUCT_NAME = "$(TARGET_NAME)";
				SWIFT_VERSION = 5.0;
				TARGETED_DEVICE_FAMILY = "1,2";
				TEST_HOST = "$(BUILT_PRODUCTS_DIR)/aaaaaaaa.app/aaaaaaaa";
			};
			name = Release;
		};
		D6117B422331137C0032B940 /* Debug */ = {
			isa = XCBuildConfiguration;
			buildSettings = {
				ALWAYS_EMBED_SWIFT_STANDARD_LIBRARIES = YES;
				CODE_SIGN_STYLE = Automatic;
				DEVELOPMENT_TEAM = 74SLB56D55;
				INFOPLIST_FILE = aaaaaaaaUITests/Info.plist;
				LD_RUNPATH_SEARCH_PATHS = (
					"$(inherited)",
					"@executable_path/Frameworks",
					"@loader_path/Frameworks",
				);
				PRODUCT_BUNDLE_IDENTIFIER = aaaaa.aaaaaaaaUITests;
				PRODUCT_NAME = "$(TARGET_NAME)";
				SWIFT_VERSION = 5.0;
				TARGETED_DEVICE_FAMILY = "1,2";
				TEST_TARGET_NAME = aaaaaaaa;
			};
			name = Debug;
		};
		D6117B432331137C0032B940 /* Release */ = {
			isa = XCBuildConfiguration;
			buildSettings = {
				ALWAYS_EMBED_SWIFT_STANDARD_LIBRARIES = YES;
				CODE_SIGN_STYLE = Automatic;
				DEVELOPMENT_TEAM = 74SLB56D55;
				INFOPLIST_FILE = aaaaaaaaUITests/Info.plist;
				LD_RUNPATH_SEARCH_PATHS = (
					"$(inherited)",
					"@executable_path/Frameworks",
					"@loader_path/Frameworks",
				);
				PRODUCT_BUNDLE_IDENTIFIER = aaaaa.aaaaaaaaUITests;
				PRODUCT_NAME = "$(TARGET_NAME)";
				SWIFT_VERSION = 5.0;
				TARGETED_DEVICE_FAMILY = "1,2";
				TEST_TARGET_NAME = aaaaaaaa;
			};
			name = Release;
		};
/* End XCBuildConfiguration section */

/* Begin XCConfigurationList section */
		D6117B0E2331137B0032B940 /* Build configuration list for PBXProject "aaaaaaaa" */ = {
			isa = XCConfigurationList;
			buildConfigurations = (
				D6117B392331137C0032B940 /* Debug */,
				D6117B3A2331137C0032B940 /* Release */,
			);
			defaultConfigurationIsVisible = 0;
			defaultConfigurationName = Release;
		};
		D6117B3B2331137C0032B940 /* Build configuration list for PBXNativeTarget "aaaaaaaa" */ = {
			isa = XCConfigurationList;
			buildConfigurations = (
				D6117B3C2331137C0032B940 /* Debug */,
				D6117B3D2331137C0032B940 /* Release */,
			);
			defaultConfigurationIsVisible = 0;
			defaultConfigurationName = Release;
		};
		D6117B3E2331137C0032B940 /* Build configuration list for PBXNativeTarget "aaaaaaaaTests" */ = {
			isa = XCConfigurationList;
			buildConfigurations = (
				D6117B3F2331137C0032B940 /* Debug */,
				D6117B402331137C0032B940 /* Release */,
			);
			defaultConfigurationIsVisible = 0;
			defaultConfigurationName = Release;
		};
		D6117B412331137C0032B940 /* Build configuration list for PBXNativeTarget "aaaaaaaaUITests" */ = {
			isa = XCConfigurationList;
			buildConfigurations = (
				D6117B422331137C0032B940 /* Debug */,
				D6117B432331137C0032B940 /* Release */,
			);
			defaultConfigurationIsVisible = 0;
			defaultConfigurationName = Release;
		};
/* End XCConfigurationList section */
	};
	rootObject = D6117B0B2331137B0032B940 /* Project object */;
}
