
Microsoft Visual Studio Solution File, Format Version 12.00
# Visual Studio 15
VisualStudioVersion = 15.0.28307.271
MinimumVisualStudioVersion = 10.0.40219.1
Project("{FAE04EC0-301F-11D3-BF4B-00C04F79EFBC}") = "TCPClientConnection", "TCPClientConnection\TCPClientConnection.csproj", "{8C7EB051-1D74-4E34-AFC7-123D36C562D1}"
EndProject
Global
	GlobalSection(SolutionConfigurationPlatforms) = preSolution
		Debug|Any CPU = Debug|Any CPU
		Release|Any CPU = Release|Any CPU
	EndGlobalSection
	GlobalSection(ProjectConfigurationPlatforms) = postSolution
		{8C7EB051-1D74-4E34-AFC7-123D36C562D1}.Debug|Any CPU.ActiveCfg = Debug|Any CPU
		{8C7EB051-1D74-4E34-AFC7-123D36C562D1}.Debug|Any CPU.Build.0 = Debug|Any CPU
		{8C7EB051-1D74-4E34-AFC7-123D36C562D1}.Release|Any CPU.ActiveCfg = Release|Any CPU
		{8C7EB051-1D74-4E34-AFC7-123D36C562D1}.Release|Any CPU.Build.0 = Release|Any CPU
	EndGlobalSection
	GlobalSection(SolutionProperties) = preSolution
		HideSolutionNode = FALSE
	EndGlobalSection
	GlobalSection(ExtensibilityGlobals) = postSolution
		SolutionGuid = {F26890DD-DC58-457E-9D08-D172DA1D1A9C}
	EndGlobalSection
EndGlobal
